
Microsoft Visual Studio Solution File, Format Version 12.00
# Visual Studio Version 16
VisualStudioVersion = 16.0.35425.106
MinimumVisualStudioVersion = 10.0.40219.1
Project("{2150E333-8FDC-42A3-9474-1A3956D46DE8}") = "Task0", "Task0", "{6742D6BA-00DA-4129-98DA-6635EB392B68}"
EndProject
Project("{FAE04EC0-301F-11D3-BF4B-00C04F79EFBC}") = "Tyuiu.LaskinTA.Sprint1.Task0.V18.Lib", "Tyuiu.LaskinTA.Sprint1.Task0.V0.Lib\Tyuiu.LaskinTA.Sprint1.Task0.V18.Lib.csproj", "{8ACBD6C3-9310-474F-B5F4-D54F07F8FE0A}"
EndProject
Project("{FAE04EC0-301F-11D3-BF4B-00C04F79EFBC}") = "Tyuiu.LaskinTA.Sprint1.Task0.V18.Test", "Tyuiu.LaskinTA.Sprint1.Task0.V0.Test\Tyuiu.LaskinTA.Sprint1.Task0.V18.Test.csproj", "{EF03EDB1-DFA3-4790-905D-6EDA5613103F}"
EndProject
Project("{FAE04EC0-301F-11D3-BF4B-00C04F79EFBC}") = "Tyuiu.LaskinTA.Sprint1.Task0.V18", "Tyuiu.LaskinTA.Sprint1.Task0.V0\Tyuiu.LaskinTA.Sprint1.Task0.V18.csproj", "{AF075A74-6F7B-4FA7-BCB5-DCD675644D2F}"
EndProject
Global
	GlobalSection(SolutionConfigurationPlatforms) = preSolution
		Debug|Any CPU = Debug|Any CPU
		Release|Any CPU = Release|Any CPU
	EndGlobalSection
	GlobalSection(ProjectConfigurationPlatforms) = postSolution
		{8ACBD6C3-9310-474F-B5F4-D54F07F8FE0A}.Debug|Any CPU.ActiveCfg = Debug|Any CPU
		{8ACBD6C3-9310-474F-B5F4-D54F07F8FE0A}.Debug|Any CPU.Build.0 = Debug|Any CPU
		{8ACBD6C3-9310-474F-B5F4-D54F07F8FE0A}.Release|Any CPU.ActiveCfg = Release|Any CPU
		{8ACBD6C3-9310-474F-B5F4-D54F07F8FE0A}.Release|Any CPU.Build.0 = Release|Any CPU
		{EF03EDB1-DFA3-4790-905D-6EDA5613103F}.Debug|Any CPU.ActiveCfg = Debug|Any CPU
		{EF03EDB1-DFA3-4790-905D-6EDA5613103F}.Debug|Any CPU.Build.0 = Debug|Any CPU
		{EF03EDB1-DFA3-4790-905D-6EDA5613103F}.Release|Any CPU.ActiveCfg = Release|Any CPU
		{EF03EDB1-DFA3-4790-905D-6EDA5613103F}.Release|Any CPU.Build.0 = Release|Any CPU
		{AF075A74-6F7B-4FA7-BCB5-DCD675644D2F}.Debug|Any CPU.ActiveCfg = Debug|Any CPU
		{AF075A74-6F7B-4FA7-BCB5-DCD675644D2F}.Debug|Any CPU.Build.0 = Debug|Any CPU
		{AF075A74-6F7B-4FA7-BCB5-DCD675644D2F}.Release|Any CPU.ActiveCfg = Release|Any CPU
		{AF075A74-6F7B-4FA7-BCB5-DCD675644D2F}.Release|Any CPU.Build.0 = Release|Any CPU
	EndGlobalSection
	GlobalSection(SolutionProperties) = preSolution
		HideSolutionNode = FALSE
	EndGlobalSection
	GlobalSection(NestedProjects) = preSolution
		{8ACBD6C3-9310-474F-B5F4-D54F07F8FE0A} = {6742D6BA-00DA-4129-98DA-6635EB392B68}
		{EF03EDB1-DFA3-4790-905D-6EDA5613103F} = {6742D6BA-00DA-4129-98DA-6635EB392B68}
		{AF075A74-6F7B-4FA7-BCB5-DCD675644D2F} = {6742D6BA-00DA-4129-98DA-6635EB392B68}
	EndGlobalSection
	GlobalSection(ExtensibilityGlobals) = postSolution
		SolutionGuid = {3805100E-A3CD-4FFC-8AA4-773540C8BE93}
	EndGlobalSection
EndGlobal
